
Microsoft Visual Studio Solution File, Format Version 12.00
# Visual Studio Version 16
VisualStudioVersion = 16.0.30717.126
MinimumVisualStudioVersion = 10.0.40219.1
Project("{FAE04EC0-301F-11D3-BF4B-00C04F79EFBC}") = "Multi_cap_img", "Multi_cap_img.csproj", "{8FD02F54-35A7-410E-A7CA-F2588A0DD949}"
EndProject
Global
	GlobalSection(SolutionConfigurationPlatforms) = preSolution
		Debug|Any CPU = Debug|Any CPU
		Release|Any CPU = Release|Any CPU
	EndGlobalSection
	GlobalSection(ProjectConfigurationPlatforms) = postSolution
		{8FD02F54-35A7-410E-A7CA-F2588A0DD949}.Debug|Any CPU.ActiveCfg = Debug|Any CPU
		{8FD02F54-35A7-410E-A7CA-F2588A0DD949}.Debug|Any CPU.Build.0 = Debug|Any CPU
		{8FD02F54-35A7-410E-A7CA-F2588A0DD949}.Release|Any CPU.ActiveCfg = Release|Any CPU
		{8FD02F54-35A7-410E-A7CA-F2588A0DD949}.Release|Any CPU.Build.0 = Release|Any CPU
	EndGlobalSection
	GlobalSection(SolutionProperties) = preSolution
		HideSolutionNode = FALSE
	EndGlobalSection
	GlobalSection(ExtensibilityGlobals) = postSolution
		SolutionGuid = {7AA19037-915F-4D62-B577-1A6272F71FFF}
	EndGlobalSection
EndGlobal
